
Microsoft Visual Studio Solution File, Format Version 12.00
# Visual Studio Version 17
VisualStudioVersion = 17.14.36310.24 d17.14
MinimumVisualStudioVersion = 10.0.40219.1
Project("{FAE04EC0-301F-11D3-BF4B-00C04F79EFBC}") = "W1_FileIO", "W1_FileIO.csproj", "{BABF6E7D-62E7-5202-D45D-363E6EEE4B44}"
EndProject
Global
	GlobalSection(SolutionConfigurationPlatforms) = preSolution
		Debug|Any CPU = Debug|Any CPU
		Release|Any CPU = Release|Any CPU
	EndGlobalSection
	GlobalSection(ProjectConfigurationPlatforms) = postSolution
		{BABF6E7D-62E7-5202-D45D-363E6EEE4B44}.Debug|Any CPU.ActiveCfg = Debug|Any CPU
		{BABF6E7D-62E7-5202-D45D-363E6EEE4B44}.Debug|Any CPU.Build.0 = Debug|Any CPU
		{BABF6E7D-62E7-5202-D45D-363E6EEE4B44}.Release|Any CPU.ActiveCfg = Release|Any CPU
		{BABF6E7D-62E7-5202-D45D-363E6EEE4B44}.Release|Any CPU.Build.0 = Release|Any CPU
	EndGlobalSection
	GlobalSection(SolutionProperties) = preSolution
		HideSolutionNode = FALSE
	EndGlobalSection
	GlobalSection(ExtensibilityGlobals) = postSolution
		SolutionGuid = {EDA99B0C-D74B-4D6D-B48F-0B718167E741}
	EndGlobalSection
EndGlobal
