
Microsoft Visual Studio Solution File, Format Version 12.00
# Visual Studio Version 17
VisualStudioVersion = 17.14.36310.24 d17.14
MinimumVisualStudioVersion = 10.0.40219.1
Project("{FAE04EC0-301F-11D3-BF4B-00C04F79EFBC}") = "W13_ROOM_NAV", "W13_ROOM_NAV.csproj", "{9DC1EE1E-E258-2B4F-BF09-55673ED2F50F}"
EndProject
Global
	GlobalSection(SolutionConfigurationPlatforms) = preSolution
		Debug|Any CPU = Debug|Any CPU
		Release|Any CPU = Release|Any CPU
	EndGlobalSection
	GlobalSection(ProjectConfigurationPlatforms) = postSolution
		{9DC1EE1E-E258-2B4F-BF09-55673ED2F50F}.Debug|Any CPU.ActiveCfg = Debug|Any CPU
		{9DC1EE1E-E258-2B4F-BF09-55673ED2F50F}.Debug|Any CPU.Build.0 = Debug|Any CPU
		{9DC1EE1E-E258-2B4F-BF09-55673ED2F50F}.Release|Any CPU.ActiveCfg = Release|Any CPU
		{9DC1EE1E-E258-2B4F-BF09-55673ED2F50F}.Release|Any CPU.Build.0 = Release|Any CPU
	EndGlobalSection
	GlobalSection(SolutionProperties) = preSolution
		HideSolutionNode = FALSE
	EndGlobalSection
	GlobalSection(ExtensibilityGlobals) = postSolution
		SolutionGuid = {E078E783-042F-4FB2-A448-C292EB57BCAC}
	EndGlobalSection
EndGlobal
